# THIS IS AN AUTOGENERATED FILE. DO NOT EDIT THIS FILE DIRECTLY.
# yarn lockfile v1


big-integer@^1.6.7:
  version "1.6.48"
  resolved "https://registry.yarnpkg.com/big-integer/-/big-integer-1.6.48.tgz#8fd88bd1632cba4a1c8c3e3d7159f08bb95b4b9e"
  integrity sha512-j51egjPa7/i+RdiRuJbPdJ2FIUYYPhvYLjzoYbcMMm62ooO6F94fETG4MTs46zPAF9Brs04OajboA/qTGuz78w==

bplist-parser@^0.1.0:
  version "0.1.1"
  resolved "https://registry.yarnpkg.com/bplist-parser/-/bplist-parser-0.1.1.tgz#d60d5dcc20cba6dc7e1f299b35d3e1f95dafbae6"
  integrity sha1-1g1dzCDLptx+HymbNdPh+V2vuuY=
  dependencies:
    big-integer "^1.6.7"

clipboard@^2.0.0:
  version "2.0.8"
  resolved "https://registry.yarnpkg.com/clipboard/-/clipboard-2.0.8.tgz#ffc6c103dd2967a83005f3f61976aa4655a4cdba"
  integrity sha512-Y6WO0unAIQp5bLmk1zdThRhgJt/x3ks6f30s3oE3H1mgIEU33XyQjEf8gsf6DxC7NPX8Y1SsNWjUjL/ywLnnbQ==
  dependencies:
    good-listener "^1.2.2"
    select "^1.1.2"
    tiny-emitter "^2.0.0"

default-browser-id@^2.0.0:
  version "2.0.0"
  resolved "https://registry.yarnpkg.com/default-browser-id/-/default-browser-id-2.0.0.tgz#01ecce371a71e85f15a17177e7863047e73dbe7d"
  integrity sha1-AezONxpx6F8VoXF354YwR+c9vn0=
  dependencies:
    bplist-parser "^0.1.0"
    pify "^2.3.0"
    untildify "^2.0.0"

delegate@^3.1.2:
  version "3.2.0"
  resolved "https://registry.yarnpkg.com/delegate/-/delegate-3.2.0.tgz#b66b71c3158522e8ab5744f720d8ca0c2af59166"
  integrity sha512-IofjkYBZaZivn0V8nnsMJGBr4jVLxHDheKSW88PyxS5QC4Vo9ZbZVvhzlSxY87fVq3STR6r+4cGepyHkcWOQSw==

esbuild@^0.8.7:
  version "0.8.57"
  resolved "https://registry.yarnpkg.com/esbuild/-/esbuild-0.8.57.tgz#a42d02bc2b57c70bcd0ef897fe244766bb6dd926"
  integrity sha512-j02SFrUwFTRUqiY0Kjplwjm1psuzO1d6AjaXKuOR9hrY0HuPsT6sV42B6myW34h1q4CRy+Y3g4RU/cGJeI/nNA==

fsevents@^2.2.0, fsevents@~2.3.1:
  version "2.3.2"
  resolved "https://registry.yarnpkg.com/fsevents/-/fsevents-2.3.2.tgz#8a526f78b8fdf4623b709e0b975c52c24c02fd1a"
  integrity sha512-xiqMQR4xAeHTuB9uWm+fFRcIOgKBMiOBP+eXiyT7jsgVCq1bkVygt00oASowB7EdtpOHaaPgKt812P9ab+DDKA==

function-bind@^1.1.1:
  version "1.1.1"
  resolved "https://registry.yarnpkg.com/function-bind/-/function-bind-1.1.1.tgz#a56899d3ea3c9bab874bb9773b7c5ede92f4895d"
  integrity sha512-yIovAzMX49sF8Yl58fSCWJ5svSLuaibPxXQJFLmBObTuCr0Mf1KiPopGM9NiFjiYBCbfaa2Fh6breQ6ANVTI0A==

good-listener@^1.2.2:
  version "1.2.2"
  resolved "https://registry.yarnpkg.com/good-listener/-/good-listener-1.2.2.tgz#d53b30cdf9313dffb7dc9a0d477096aa6d145c50"
  integrity sha1-1TswzfkxPf+33JoNR3CWqm0UXFA=
  dependencies:
    delegate "^3.1.2"

has@^1.0.3:
  version "1.0.3"
  resolved "https://registry.yarnpkg.com/has/-/has-1.0.3.tgz#722d7cbfc1f6aa8241f16dd814e011e1f41e8796"
  integrity sha512-f2dvO0VU6Oej7RkWJGrehjbzMAjFp5/VKPp5tTpWIV4JHHZK1/BxbFRtf/siA2SWTe09caDmVtYYzWEIbBS4zw==
  dependencies:
    function-bind "^1.1.1"

is-core-module@^2.2.0:
  version "2.2.0"
  resolved "https://registry.yarnpkg.com/is-core-module/-/is-core-module-2.2.0.tgz#97037ef3d52224d85163f5597b2b63d9afed981a"
  integrity sha512-XRAfAdyyY5F5cOXn7hYQDqh2Xmii+DEfIcQGxK/uNwMHhIkPWO0g8msXcbzLe+MpGoR951MlqM/2iIlU4vKDdQ==
  dependencies:
    has "^1.0.3"

is-docker@^2.0.0:
  version "2.1.1"
  resolved "https://registry.yarnpkg.com/is-docker/-/is-docker-2.1.1.tgz#4125a88e44e450d384e09047ede71adc2d144156"
  integrity sha512-ZOoqiXfEwtGknTiuDEy8pN2CfE3TxMHprvNer1mXiqwkOT77Rw3YVrUQ52EqAOU3QAWDQ+bQdx7HJzrv7LS2Hw==

is-wsl@^2.1.1:
  version "2.2.0"
  resolved "https://registry.yarnpkg.com/is-wsl/-/is-wsl-2.2.0.tgz#74a4c76e77ca9fd3f932f290c17ea326cd157271"
  integrity sha512-fKzAra0rGJUUBwGBgNkHZuToZcn+TtXHpeCgmkMJMMYx1sQDYaCSyjJBSCa2nH1DGm7s3n1oBnohoVTBaN7Lww==
  dependencies:
    is-docker "^2.0.0"

open@^7.0.4:
  version "7.4.2"
  resolved "https://registry.yarnpkg.com/open/-/open-7.4.2.tgz#b8147e26dcf3e426316c730089fd71edd29c2321"
  integrity sha512-MVHddDVweXZF3awtlAS+6pgKLlm/JgxZ90+/NBurBoQctVOOB/zDdVjcyPzQ+0laDGbsWgrRkflI65sQeOgT9Q==
  dependencies:
    is-docker "^2.0.0"
    is-wsl "^2.1.1"

os-homedir@^1.0.0:
  version "1.0.2"
  resolved "https://registry.yarnpkg.com/os-homedir/-/os-homedir-1.0.2.tgz#ffbc4988336e0e833de0c168c7ef152121aa7fb3"
  integrity sha1-/7xJiDNuDoM94MFox+8VISGqf7M=

path-parse@^1.0.6:
  version "1.0.6"
  resolved "https://registry.yarnpkg.com/path-parse/-/path-parse-1.0.6.tgz#d62dbb5679405d72c4737ec58600e9ddcf06d24c"
  integrity sha512-GSmOT2EbHrINBf9SR7CDELwlJ8AENk3Qn7OikK4nFYAu3Ote2+JYNVvkpAEQm3/TLNEJFD/xZJjzyxg3KBWOzw==

pify@^2.3.0:
  version "2.3.0"
  resolved "https://registry.yarnpkg.com/pify/-/pify-2.3.0.tgz#ed141a6ac043a849ea588498e7dca8b15330e90c"
  integrity sha1-7RQaasBDqEnqWISY59yosVMw6Qw=

prismjs@^1.23.0:
  version "1.23.0"
  resolved "https://registry.yarnpkg.com/prismjs/-/prismjs-1.23.0.tgz#d3b3967f7d72440690497652a9d40ff046067f33"
  integrity sha512-c29LVsqOaLbBHuIbsTxaKENh1N2EQBOHaWv7gkHN4dgRbxSREqDnDbtFJYdpPauS4YCplMSNCABQ6Eeor69bAA==
  optionalDependencies:
    clipboard "^2.0.0"

resolve@^1.20.0:
  version "1.20.0"
  resolved "https://registry.yarnpkg.com/resolve/-/resolve-1.20.0.tgz#629a013fb3f70755d6f0b7935cc1c2c5378b1975"
  integrity sha512-wENBPt4ySzg4ybFQW2TT1zMQucPK95HSh/nq2CFTZVOGut2+pQvSsgtda4d26YrYcr067wjbmzOG8byDPBX63A==
  dependencies:
    is-core-module "^2.2.0"
    path-parse "^1.0.6"

rollup@^2.34.0:
  version "2.41.4"
  resolved "https://registry.yarnpkg.com/rollup/-/rollup-2.41.4.tgz#2a674d64db4322482d440699acb060dc6dd9e65f"
  integrity sha512-f9IHfMO8p2Y8OdisI7Oj3oKkPuaQ6cgSwYqAi0TDvP3w2p+oX1VejX/w28a1h8WTnrapzfO5d4Uqhww+gL0b0g==
  optionalDependencies:
    fsevents "~2.3.1"

select@^1.1.2:
  version "1.1.2"
  resolved "https://registry.yarnpkg.com/select/-/select-1.1.2.tgz#0e7350acdec80b1108528786ec1d4418d11b396d"
  integrity sha1-DnNQrN7ICxEIUoeG7B1EGNEbOW0=

snowpack@^3.0.13:
  version "3.0.13"
  resolved "https://registry.yarnpkg.com/snowpack/-/snowpack-3.0.13.tgz#25e6434b186d916f69b0bae6325bda4f1451c035"
  integrity sha512-USTcpfJ68rbuFvUygw+3n9qS1CC/tGsr/JNVc6FNk0ZRfGBE4OmB+Mmk5nWtdxi546GeCr/GvveJenYLen/WpA==
  dependencies:
    default-browser-id "^2.0.0"
    esbuild "^0.8.7"
    open "^7.0.4"
    resolve "^1.20.0"
    rollup "^2.34.0"
  optionalDependencies:
    fsevents "^2.2.0"

tiny-emitter@^2.0.0:
  version "2.1.0"
  resolved "https://registry.yarnpkg.com/tiny-emitter/-/tiny-emitter-2.1.0.tgz#1d1a56edfc51c43e863cbb5382a72330e3555423"
  integrity sha512-NB6Dk1A9xgQPMoGqC5CVXn123gWyte215ONT5Pp5a0yt4nlEoO1ZWeCwpncaekPHXO60i47ihFnZPiRPjRMq4Q==

untildify@^2.0.0:
  version "2.1.0"
  resolved "https://registry.yarnpkg.com/untildify/-/untildify-2.1.0.tgz#17eb2807987f76952e9c0485fc311d06a826a2e0"
  integrity sha1-F+soB5h/dpUunASF/DEdBqgmouA=
  dependencies:
    os-homedir "^1.0.0"
